# THIS IS AN AUTOGENERATED FILE. DO NOT EDIT THIS FILE DIRECTLY.
# yarn lockfile v1


"@types/node@^11.10.4":
  version "11.10.4"
  resolved "https://registry.yarnpkg.com/@types/node/-/node-11.10.4.tgz#3f5fc4f0f322805f009e00ab35a2ff3d6b778e42"
  integrity sha512-wa09itaLE8L705aXd8F80jnFpxz3Y1/KRHfKsYL2bPc0XF+wEWu8sR9n5bmeu8Ba1N9z2GRNzm/YdHcghLkLKg==

big-integer@^1.6.31:
  version "1.6.42"
  resolved "https://registry.yarnpkg.com/big-integer/-/big-integer-1.6.42.tgz#91623ae5ceeff9a47416c56c9440a66f12f534f1"
  integrity sha512-3UQFKcRMx+5Z+IK5vYTMYK2jzLRJkt+XqyDdacgWgtMjjuifKpKTFneJLEgeBElOE2/lXZ1LcMcb5s8pwG2U8Q==

maxmind@^2.12.0:
  version "2.12.0"
  resolved "https://registry.yarnpkg.com/maxmind/-/maxmind-2.12.0.tgz#b7d16b0ee2fff50061ead36b258577cb7d85fec5"
  integrity sha512-gnLdeLg0GFYlrtPt2122RYrRUy8OWxrhYEDCORaUkr6AvKXnLfnNpsFmWUOBYkvZK17XX4NeuMwnjIQM9EcxTw==
  dependencies:
    big-integer "^1.6.31"
    tiny-lru "^6.0.0"

tiny-lru@^6.0.0:
  version "6.0.1"
  resolved "https://registry.yarnpkg.com/tiny-lru/-/tiny-lru-6.0.1.tgz#558bd6b7232b8b9dfa482147539676fdd75a3a07"
  integrity sha512-k/vdHz+bFALjmik0URLWBYNuO0hCABTL5dullbZBXvFDdlL8RrKaeLR6YuHfX+6ZXOLkHw+HpNLCUA7DtLMQmg==

typescript@^3.3.3333:
  version "3.3.3333"
  resolved "https://registry.yarnpkg.com/typescript/-/typescript-3.3.3333.tgz#171b2c5af66c59e9431199117a3bcadc66fdcfd6"
  integrity sha512-JjSKsAfuHBE/fB2oZ8NxtRTk5iGcg6hkYXMnZ3Wc+b2RSqejEqTaem11mHASMnFilHrax3sLK0GDzcJrekZYLw==
